# THIS IS AN AUTOGENERATED FILE. DO NOT EDIT THIS FILE DIRECTLY.
# yarn lockfile v1


furtive-print@0.0.1:
  version "0.0.1"
  resolved "https://registry.yarnpkg.com/furtive-print/-/furtive-print-0.0.1.tgz#3db207a279f928de21fdfeba7d7f7a4dd945748f"

furtive-responsive-utils@0.0.1:
  version "0.0.1"
  resolved "https://registry.yarnpkg.com/furtive-responsive-utils/-/furtive-responsive-utils-0.0.1.tgz#4c26580fdbc89daaa90473553734152ec20850dd"

furtive-typescale@0.0.4:
  version "0.0.4"
  resolved "https://registry.yarnpkg.com/furtive-typescale/-/furtive-typescale-0.0.4.tgz#02bc4ad3eb822f1d2ee2d0dae8a60bcbae75f640"

markdown-splendor@^1.0.1:
  version "1.0.1"
  resolved "https://registry.yarnpkg.com/markdown-splendor/-/markdown-splendor-1.0.1.tgz#e03ac3394f9b793353288c56ca05631c83f68666"
  dependencies:
    furtive-print "0.0.1"
    furtive-responsive-utils "0.0.1"
    furtive-typescale "0.0.4"
